
Microsoft Visual Studio Solution File, Format Version 12.00
# Visual Studio Version 16
VisualStudioVersion = 16.0.30907.101
MinimumVisualStudioVersion = 10.0.40219.1
Project("{FAE04EC0-301F-11D3-BF4B-00C04F79EFBC}") = "graphql_sample", "graphql_sample\graphql_sample.csproj", "{1D0CD3BA-64BB-4EAE-BE51-394706AFCAE3}"
EndProject
Global
	GlobalSection(SolutionConfigurationPlatforms) = preSolution
		Debug|Any CPU = Debug|Any CPU
		Release|Any CPU = Release|Any CPU
	EndGlobalSection
	GlobalSection(ProjectConfigurationPlatforms) = postSolution
		{1D0CD3BA-64BB-4EAE-BE51-394706AFCAE3}.Debug|Any CPU.ActiveCfg = Debug|Any CPU
		{1D0CD3BA-64BB-4EAE-BE51-394706AFCAE3}.Debug|Any CPU.Build.0 = Debug|Any CPU
		{1D0CD3BA-64BB-4EAE-BE51-394706AFCAE3}.Release|Any CPU.ActiveCfg = Release|Any CPU
		{1D0CD3BA-64BB-4EAE-BE51-394706AFCAE3}.Release|Any CPU.Build.0 = Release|Any CPU
	EndGlobalSection
	GlobalSection(SolutionProperties) = preSolution
		HideSolutionNode = FALSE
	EndGlobalSection
	GlobalSection(ExtensibilityGlobals) = postSolution
		SolutionGuid = {C24F5D91-A423-48FD-A70A-4FA574329702}
	EndGlobalSection
EndGlobal
